
Microsoft Visual Studio Solution File, Format Version 12.00
# Visual Studio 15
Project("{FAE04EC0-301F-11D3-BF4B-00C04F79EFBC}") = "UnityEngine.TestRunner", "UnityEngine.TestRunner.csproj", "{4668841D-5A67-B95B-B07A-CCA185D014BE}"
EndProject
Project("{FAE04EC0-301F-11D3-BF4B-00C04F79EFBC}") = "Unity.Mathematics", "Unity.Mathematics.csproj", "{718A5316-BAEF-E636-D3E2-819D8732D573}"
EndProject
Project("{FAE04EC0-301F-11D3-BF4B-00C04F79EFBC}") = "Unity.2D.Animation.Triangle.Runtime", "Unity.2D.Animation.Triangle.Runtime.csproj", "{29054EFC-E7EB-6ACF-D065-20485CDC5DBB}"
EndProject
Project("{FAE04EC0-301F-11D3-BF4B-00C04F79EFBC}") = "Unity.Timeline", "Unity.Timeline.csproj", "{A1F49ED3-8B01-BE40-EADF-9AAF515136AB}"
EndProject
Project("{FAE04EC0-301F-11D3-BF4B-00C04F79EFBC}") = "UnityEngine.UI", "UnityEngine.UI.csproj", "{ADFF8C9D-1CFC-FB98-2227-DEF340778471}"
EndProject
Project("{FAE04EC0-301F-11D3-BF4B-00C04F79EFBC}") = "Unity.TextMeshPro", "Unity.TextMeshPro.csproj", "{9588DBE5-8675-C81C-374A-2FC4FB359BFF}"
EndProject
Project("{FAE04EC0-301F-11D3-BF4B-00C04F79EFBC}") = "Unity.2D.Animation.Runtime", "Unity.2D.Animation.Runtime.csproj", "{95ABB4D4-FE88-830A-D092-9AFA9C8A68A2}"
EndProject
Project("{FAE04EC0-301F-11D3-BF4B-00C04F79EFBC}") = "Unity.2D.IK.Runtime", "Unity.2D.IK.Runtime.csproj", "{6CFE7E93-10F7-A270-F14E-6CAA64C34A76}"
EndProject
Project("{FAE04EC0-301F-11D3-BF4B-00C04F79EFBC}") = "Unity.2D.SpriteShape.Runtime", "Unity.2D.SpriteShape.Runtime.csproj", "{034BFB80-7D72-0558-C049-D5C4F6F8B2F6}"
EndProject
Project("{FAE04EC0-301F-11D3-BF4B-00C04F79EFBC}") = "Assembly-CSharp", "Assembly-CSharp.csproj", "{A62EBF3A-1053-428A-4409-89D10BD31999}"
EndProject
Project("{FAE04EC0-301F-11D3-BF4B-00C04F79EFBC}") = "Unity.2D.PixelPerfect", "Unity.2D.PixelPerfect.csproj", "{EE18CB75-B182-8826-4DD9-265EEEE2387A}"
EndProject
Project("{FAE04EC0-301F-11D3-BF4B-00C04F79EFBC}") = "Unity.2D.Common.Runtime", "Unity.2D.Common.Runtime.csproj", "{FDC9D79D-83F3-4762-4E98-34E79948C835}"
EndProject
Project("{FAE04EC0-301F-11D3-BF4B-00C04F79EFBC}") = "Unity.InternalAPIEngineBridge.001", "Unity.InternalAPIEngineBridge.001.csproj", "{0831A582-B005-E0EA-06A9-1C49F8146755}"
EndProject
Project("{FAE04EC0-301F-11D3-BF4B-00C04F79EFBC}") = "UnityEditor.TestRunner", "UnityEditor.TestRunner.csproj", "{5C16DB68-BFAD-340C-509F-DD3116DCCF91}"
EndProject
Project("{FAE04EC0-301F-11D3-BF4B-00C04F79EFBC}") = "Unity.PlasticSCM.Editor", "Unity.PlasticSCM.Editor.csproj", "{7659626F-DBC1-2011-BE9D-F69B8D0E904B}"
EndProject
Project("{FAE04EC0-301F-11D3-BF4B-00C04F79EFBC}") = "UnityEditor.UI", "UnityEditor.UI.csproj", "{780B714E-04EB-A0B8-3CAA-BC3280C1F1CC}"
EndProject
Project("{FAE04EC0-301F-11D3-BF4B-00C04F79EFBC}") = "Unity.Services.Core.Editor", "Unity.Services.Core.Editor.csproj", "{3C521583-7C6E-8977-011B-6267D76A0F47}"
EndProject
Project("{FAE04EC0-301F-11D3-BF4B-00C04F79EFBC}") = "Unity.Timeline.Editor", "Unity.Timeline.Editor.csproj", "{F48644C1-40C3-F4B3-6189-F9190AD9F5B2}"
EndProject
Project("{FAE04EC0-301F-11D3-BF4B-00C04F79EFBC}") = "Unity.VisualStudio.Editor", "Unity.VisualStudio.Editor.csproj", "{2E16E1BC-79E4-9A66-140F-542268CA6DB6}"
EndProject
Project("{FAE04EC0-301F-11D3-BF4B-00C04F79EFBC}") = "Unity.2D.Psdimporter.Editor", "Unity.2D.Psdimporter.Editor.csproj", "{330D590B-313B-1C49-3A2C-6E932E3ADC80}"
EndProject
Project("{FAE04EC0-301F-11D3-BF4B-00C04F79EFBC}") = "Unity.2D.Animation.Editor", "Unity.2D.Animation.Editor.csproj", "{6ACAD419-33C4-B03F-4673-C5B9E81D05EE}"
EndProject
Project("{FAE04EC0-301F-11D3-BF4B-00C04F79EFBC}") = "Unity.TextMeshPro.Editor", "Unity.TextMeshPro.Editor.csproj", "{8288D2EA-A7AF-EB77-1D74-ED182E253ACF}"
EndProject
Project("{FAE04EC0-301F-11D3-BF4B-00C04F79EFBC}") = "Unity.2D.SpriteShape.Editor", "Unity.2D.SpriteShape.Editor.csproj", "{C63D1E9D-8917-FCCC-5EAC-F87526EC19A4}"
EndProject
Project("{FAE04EC0-301F-11D3-BF4B-00C04F79EFBC}") = "Unity.CollabProxy.Editor", "Unity.CollabProxy.Editor.csproj", "{E47C4865-EF42-766D-BDC9-497147EC0404}"
EndProject
Project("{FAE04EC0-301F-11D3-BF4B-00C04F79EFBC}") = "PsdPlugin", "PsdPlugin.csproj", "{57EE7C85-D37C-2C80-E478-2EDB28F99E50}"
EndProject
Project("{FAE04EC0-301F-11D3-BF4B-00C04F79EFBC}") = "Unity.2D.Path.Editor", "Unity.2D.Path.Editor.csproj", "{00D5E175-8465-24C4-F5EE-4D17D3F38BBC}"
EndProject
Project("{FAE04EC0-301F-11D3-BF4B-00C04F79EFBC}") = "Unity.Rider.Editor", "Unity.Rider.Editor.csproj", "{CD5F1D83-FE0F-CF65-579C-B82A804ADE55}"
EndProject
Project("{FAE04EC0-301F-11D3-BF4B-00C04F79EFBC}") = "Unity.2D.IK.Editor", "Unity.2D.IK.Editor.csproj", "{36471ED8-288C-519E-1536-A6E0E50B4414}"
EndProject
Project("{FAE04EC0-301F-11D3-BF4B-00C04F79EFBC}") = "Unity.2D.Sprite.Editor", "Unity.2D.Sprite.Editor.csproj", "{38DBDE21-30D8-9438-1A1A-01C2407BD728}"
EndProject
Project("{FAE04EC0-301F-11D3-BF4B-00C04F79EFBC}") = "Unity.2D.Tilemap.Editor", "Unity.2D.Tilemap.Editor.csproj", "{BB66A34E-DC79-569D-76F4-0AC862B9F403}"
EndProject
Project("{FAE04EC0-301F-11D3-BF4B-00C04F79EFBC}") = "Unity.2D.PixelPerfect.Editor", "Unity.2D.PixelPerfect.Editor.csproj", "{B4472ED4-0794-AC83-3CE4-AA2E427BEECB}"
EndProject
Project("{FAE04EC0-301F-11D3-BF4B-00C04F79EFBC}") = "Unity.VSCode.Editor", "Unity.VSCode.Editor.csproj", "{A2203BAD-94A6-0843-3948-CA7CB0C27C60}"
EndProject
Project("{FAE04EC0-301F-11D3-BF4B-00C04F79EFBC}") = "Unity.2D.Common.Editor", "Unity.2D.Common.Editor.csproj", "{B642AE2E-46C5-8CED-1E32-6EF3E256910C}"
EndProject
Project("{FAE04EC0-301F-11D3-BF4B-00C04F79EFBC}") = "Unity.Mathematics.Editor", "Unity.Mathematics.Editor.csproj", "{79A0B088-BBBE-645C-0058-6D70F4CE8B1B}"
EndProject
Project("{FAE04EC0-301F-11D3-BF4B-00C04F79EFBC}") = "Unity.InternalAPIEditorBridge.001", "Unity.InternalAPIEditorBridge.001.csproj", "{3FF1FE0C-7022-8A7D-8DF3-AC9BD48D9A14}"
EndProject
Project("{FAE04EC0-301F-11D3-BF4B-00C04F79EFBC}") = "UnityEngine.TestRunner", "UnityEngine.TestRunner.Player.csproj", "{EE545532-98F7-FF94-4296-52C67132E29F}"
EndProject
Project("{FAE04EC0-301F-11D3-BF4B-00C04F79EFBC}") = "Unity.Mathematics", "Unity.Mathematics.Player.csproj", "{8CDC77DC-B104-C262-6BC1-A45B6211191C}"
EndProject
Project("{FAE04EC0-301F-11D3-BF4B-00C04F79EFBC}") = "Unity.2D.Animation.Triangle.Runtime", "Unity.2D.Animation.Triangle.Runtime.Player.csproj", "{9A992541-8D3B-CF89-AA3C-04041089AA4E}"
EndProject
Project("{FAE04EC0-301F-11D3-BF4B-00C04F79EFBC}") = "Unity.Timeline", "Unity.Timeline.Player.csproj", "{BD2D2C80-6975-42D5-045A-2586394336C1}"
EndProject
Project("{FAE04EC0-301F-11D3-BF4B-00C04F79EFBC}") = "UnityEngine.UI", "UnityEngine.UI.Player.csproj", "{C5B00A04-724B-C671-FDC7-F679B1474519}"
EndProject
Project("{FAE04EC0-301F-11D3-BF4B-00C04F79EFBC}") = "Unity.TextMeshPro", "Unity.TextMeshPro.Player.csproj", "{B02A4B3F-BB32-E2E6-AA73-59AF7EDC5407}"
EndProject
Project("{FAE04EC0-301F-11D3-BF4B-00C04F79EFBC}") = "Unity.2D.Animation.Runtime", "Unity.2D.Animation.Runtime.Player.csproj", "{8F8C37D7-D377-49F2-5C26-8DDBCEC8BF68}"
EndProject
Project("{FAE04EC0-301F-11D3-BF4B-00C04F79EFBC}") = "Unity.2D.IK.Runtime", "Unity.2D.IK.Runtime.Player.csproj", "{F22B4C78-22D8-379E-AC92-67B42FB518BB}"
EndProject
Project("{FAE04EC0-301F-11D3-BF4B-00C04F79EFBC}") = "Unity.2D.SpriteShape.Runtime", "Unity.2D.SpriteShape.Runtime.Player.csproj", "{234C0E3B-4D6A-82B6-4DE1-5A42B8C5D821}"
EndProject
Project("{FAE04EC0-301F-11D3-BF4B-00C04F79EFBC}") = "Assembly-CSharp", "Assembly-CSharp.Player.csproj", "{8E1A1A7E-321B-8972-B129-3E1E4F36F2EC}"
EndProject
Project("{FAE04EC0-301F-11D3-BF4B-00C04F79EFBC}") = "Unity.2D.PixelPerfect", "Unity.2D.PixelPerfect.Player.csproj", "{1517BDE6-8301-AE1B-2035-D8B1B03A037E}"
EndProject
Project("{FAE04EC0-301F-11D3-BF4B-00C04F79EFBC}") = "Unity.2D.Common.Runtime", "Unity.2D.Common.Runtime.Player.csproj", "{EC24375E-B4E2-C068-837A-AD1DF1A64F5D}"
EndProject
Project("{FAE04EC0-301F-11D3-BF4B-00C04F79EFBC}") = "Unity.InternalAPIEngineBridge.001", "Unity.InternalAPIEngineBridge.001.Player.csproj", "{E427D900-E3CA-F931-8623-7A595F5F6E22}"
EndProject
Global
	GlobalSection(SolutionConfigurationPlatforms) = preSolution
		Debug|Any CPU = Debug|Any CPU
		Release|Any CPU = Release|Any CPU
	EndGlobalSection
	GlobalSection(ProjectConfigurationPlatforms) = postSolution
		{4668841D-5A67-B95B-B07A-CCA185D014BE}.Debug|Any CPU.ActiveCfg = Debug|Any CPU
		{4668841D-5A67-B95B-B07A-CCA185D014BE}.Debug|Any CPU.Build.0 = Debug|Any CPU
		{4668841D-5A67-B95B-B07A-CCA185D014BE}.Release|Any CPU.ActiveCfg = Release|Any CPU
		{4668841D-5A67-B95B-B07A-CCA185D014BE}.Release|Any CPU.Build.0 = Release|Any CPU
		{718A5316-BAEF-E636-D3E2-819D8732D573}.Debug|Any CPU.ActiveCfg = Debug|Any CPU
		{718A5316-BAEF-E636-D3E2-819D8732D573}.Debug|Any CPU.Build.0 = Debug|Any CPU
		{718A5316-BAEF-E636-D3E2-819D8732D573}.Release|Any CPU.ActiveCfg = Release|Any CPU
		{718A5316-BAEF-E636-D3E2-819D8732D573}.Release|Any CPU.Build.0 = Release|Any CPU
		{29054EFC-E7EB-6ACF-D065-20485CDC5DBB}.Debug|Any CPU.ActiveCfg = Debug|Any CPU
		{29054EFC-E7EB-6ACF-D065-20485CDC5DBB}.Debug|Any CPU.Build.0 = Debug|Any CPU
		{29054EFC-E7EB-6ACF-D065-20485CDC5DBB}.Release|Any CPU.ActiveCfg = Release|Any CPU
		{29054EFC-E7EB-6ACF-D065-20485CDC5DBB}.Release|Any CPU.Build.0 = Release|Any CPU
		{A1F49ED3-8B01-BE40-EADF-9AAF515136AB}.Debug|Any CPU.ActiveCfg = Debug|Any CPU
		{A1F49ED3-8B01-BE40-EADF-9AAF515136AB}.Debug|Any CPU.Build.0 = Debug|Any CPU
		{A1F49ED3-8B01-BE40-EADF-9AAF515136AB}.Release|Any CPU.ActiveCfg = Release|Any CPU
		{A1F49ED3-8B01-BE40-EADF-9AAF515136AB}.Release|Any CPU.Build.0 = Release|Any CPU
		{ADFF8C9D-1CFC-FB98-2227-DEF340778471}.Debug|Any CPU.ActiveCfg = Debug|Any CPU
		{ADFF8C9D-1CFC-FB98-2227-DEF340778471}.Debug|Any CPU.Build.0 = Debug|Any CPU
		{ADFF8C9D-1CFC-FB98-2227-DEF340778471}.Release|Any CPU.ActiveCfg = Release|Any CPU
		{ADFF8C9D-1CFC-FB98-2227-DEF340778471}.Release|Any CPU.Build.0 = Release|Any CPU
		{9588DBE5-8675-C81C-374A-2FC4FB359BFF}.Debug|Any CPU.ActiveCfg = Debug|Any CPU
		{9588DBE5-8675-C81C-374A-2FC4FB359BFF}.Debug|Any CPU.Build.0 = Debug|Any CPU
		{9588DBE5-8675-C81C-374A-2FC4FB359BFF}.Release|Any CPU.ActiveCfg = Release|Any CPU
		{9588DBE5-8675-C81C-374A-2FC4FB359BFF}.Release|Any CPU.Build.0 = Release|Any CPU
		{95ABB4D4-FE88-830A-D092-9AFA9C8A68A2}.Debug|Any CPU.ActiveCfg = Debug|Any CPU
		{95ABB4D4-FE88-830A-D092-9AFA9C8A68A2}.Debug|Any CPU.Build.0 = Debug|Any CPU
		{95ABB4D4-FE88-830A-D092-9AFA9C8A68A2}.Release|Any CPU.ActiveCfg = Release|Any CPU
		{95ABB4D4-FE88-830A-D092-9AFA9C8A68A2}.Release|Any CPU.Build.0 = Release|Any CPU
		{6CFE7E93-10F7-A270-F14E-6CAA64C34A76}.Debug|Any CPU.ActiveCfg = Debug|Any CPU
		{6CFE7E93-10F7-A270-F14E-6CAA64C34A76}.Debug|Any CPU.Build.0 = Debug|Any CPU
		{6CFE7E93-10F7-A270-F14E-6CAA64C34A76}.Release|Any CPU.ActiveCfg = Release|Any CPU
		{6CFE7E93-10F7-A270-F14E-6CAA64C34A76}.Release|Any CPU.Build.0 = Release|Any CPU
		{034BFB80-7D72-0558-C049-D5C4F6F8B2F6}.Debug|Any CPU.ActiveCfg = Debug|Any CPU
		{034BFB80-7D72-0558-C049-D5C4F6F8B2F6}.Debug|Any CPU.Build.0 = Debug|Any CPU
		{034BFB80-7D72-0558-C049-D5C4F6F8B2F6}.Release|Any CPU.ActiveCfg = Release|Any CPU
		{034BFB80-7D72-0558-C049-D5C4F6F8B2F6}.Release|Any CPU.Build.0 = Release|Any CPU
		{A62EBF3A-1053-428A-4409-89D10BD31999}.Debug|Any CPU.ActiveCfg = Debug|Any CPU
		{A62EBF3A-1053-428A-4409-89D10BD31999}.Debug|Any CPU.Build.0 = Debug|Any CPU
		{A62EBF3A-1053-428A-4409-89D10BD31999}.Release|Any CPU.ActiveCfg = Release|Any CPU
		{A62EBF3A-1053-428A-4409-89D10BD31999}.Release|Any CPU.Build.0 = Release|Any CPU
		{EE18CB75-B182-8826-4DD9-265EEEE2387A}.Debug|Any CPU.ActiveCfg = Debug|Any CPU
		{EE18CB75-B182-8826-4DD9-265EEEE2387A}.Debug|Any CPU.Build.0 = Debug|Any CPU
		{EE18CB75-B182-8826-4DD9-265EEEE2387A}.Release|Any CPU.ActiveCfg = Release|Any CPU
		{EE18CB75-B182-8826-4DD9-265EEEE2387A}.Release|Any CPU.Build.0 = Release|Any CPU
		{FDC9D79D-83F3-4762-4E98-34E79948C835}.Debug|Any CPU.ActiveCfg = Debug|Any CPU
		{FDC9D79D-83F3-4762-4E98-34E79948C835}.Debug|Any CPU.Build.0 = Debug|Any CPU
		{FDC9D79D-83F3-4762-4E98-34E79948C835}.Release|Any CPU.ActiveCfg = Release|Any CPU
		{FDC9D79D-83F3-4762-4E98-34E79948C835}.Release|Any CPU.Build.0 = Release|Any CPU
		{0831A582-B005-E0EA-06A9-1C49F8146755}.Debug|Any CPU.ActiveCfg = Debug|Any CPU
		{0831A582-B005-E0EA-06A9-1C49F8146755}.Debug|Any CPU.Build.0 = Debug|Any CPU
		{0831A582-B005-E0EA-06A9-1C49F8146755}.Release|Any CPU.ActiveCfg = Release|Any CPU
		{0831A582-B005-E0EA-06A9-1C49F8146755}.Release|Any CPU.Build.0 = Release|Any CPU
		{5C16DB68-BFAD-340C-509F-DD3116DCCF91}.Debug|Any CPU.ActiveCfg = Debug|Any CPU
		{5C16DB68-BFAD-340C-509F-DD3116DCCF91}.Debug|Any CPU.Build.0 = Debug|Any CPU
		{5C16DB68-BFAD-340C-509F-DD3116DCCF91}.Release|Any CPU.ActiveCfg = Release|Any CPU
		{5C16DB68-BFAD-340C-509F-DD3116DCCF91}.Release|Any CPU.Build.0 = Release|Any CPU
		{7659626F-DBC1-2011-BE9D-F69B8D0E904B}.Debug|Any CPU.ActiveCfg = Debug|Any CPU
		{7659626F-DBC1-2011-BE9D-F69B8D0E904B}.Debug|Any CPU.Build.0 = Debug|Any CPU
		{7659626F-DBC1-2011-BE9D-F69B8D0E904B}.Release|Any CPU.ActiveCfg = Release|Any CPU
		{7659626F-DBC1-2011-BE9D-F69B8D0E904B}.Release|Any CPU.Build.0 = Release|Any CPU
		{780B714E-04EB-A0B8-3CAA-BC3280C1F1CC}.Debug|Any CPU.ActiveCfg = Debug|Any CPU
		{780B714E-04EB-A0B8-3CAA-BC3280C1F1CC}.Debug|Any CPU.Build.0 = Debug|Any CPU
		{780B714E-04EB-A0B8-3CAA-BC3280C1F1CC}.Release|Any CPU.ActiveCfg = Release|Any CPU
		{780B714E-04EB-A0B8-3CAA-BC3280C1F1CC}.Release|Any CPU.Build.0 = Release|Any CPU
		{3C521583-7C6E-8977-011B-6267D76A0F47}.Debug|Any CPU.ActiveCfg = Debug|Any CPU
		{3C521583-7C6E-8977-011B-6267D76A0F47}.Debug|Any CPU.Build.0 = Debug|Any CPU
		{3C521583-7C6E-8977-011B-6267D76A0F47}.Release|Any CPU.ActiveCfg = Release|Any CPU
		{3C521583-7C6E-8977-011B-6267D76A0F47}.Release|Any CPU.Build.0 = Release|Any CPU
		{F48644C1-40C3-F4B3-6189-F9190AD9F5B2}.Debug|Any CPU.ActiveCfg = Debug|Any CPU
		{F48644C1-40C3-F4B3-6189-F9190AD9F5B2}.Debug|Any CPU.Build.0 = Debug|Any CPU
		{F48644C1-40C3-F4B3-6189-F9190AD9F5B2}.Release|Any CPU.ActiveCfg = Release|Any CPU
		{F48644C1-40C3-F4B3-6189-F9190AD9F5B2}.Release|Any CPU.Build.0 = Release|Any CPU
		{2E16E1BC-79E4-9A66-140F-542268CA6DB6}.Debug|Any CPU.ActiveCfg = Debug|Any CPU
		{2E16E1BC-79E4-9A66-140F-542268CA6DB6}.Debug|Any CPU.Build.0 = Debug|Any CPU
		{2E16E1BC-79E4-9A66-140F-542268CA6DB6}.Release|Any CPU.ActiveCfg = Release|Any CPU
		{2E16E1BC-79E4-9A66-140F-542268CA6DB6}.Release|Any CPU.Build.0 = Release|Any CPU
		{330D590B-313B-1C49-3A2C-6E932E3ADC80}.Debug|Any CPU.ActiveCfg = Debug|Any CPU
		{330D590B-313B-1C49-3A2C-6E932E3ADC80}.Debug|Any CPU.Build.0 = Debug|Any CPU
		{330D590B-313B-1C49-3A2C-6E932E3ADC80}.Release|Any CPU.ActiveCfg = Release|Any CPU
		{330D590B-313B-1C49-3A2C-6E932E3ADC80}.Release|Any CPU.Build.0 = Release|Any CPU
		{6ACAD419-33C4-B03F-4673-C5B9E81D05EE}.Debug|Any CPU.ActiveCfg = Debug|Any CPU
		{6ACAD419-33C4-B03F-4673-C5B9E81D05EE}.Debug|Any CPU.Build.0 = Debug|Any CPU
		{6ACAD419-33C4-B03F-4673-C5B9E81D05EE}.Release|Any CPU.ActiveCfg = Release|Any CPU
		{6ACAD419-33C4-B03F-4673-C5B9E81D05EE}.Release|Any CPU.Build.0 = Release|Any CPU
		{8288D2EA-A7AF-EB77-1D74-ED182E253ACF}.Debug|Any CPU.ActiveCfg = Debug|Any CPU
		{8288D2EA-A7AF-EB77-1D74-ED182E253ACF}.Debug|Any CPU.Build.0 = Debug|Any CPU
		{8288D2EA-A7AF-EB77-1D74-ED182E253ACF}.Release|Any CPU.ActiveCfg = Release|Any CPU
		{8288D2EA-A7AF-EB77-1D74-ED182E253ACF}.Release|Any CPU.Build.0 = Release|Any CPU
		{C63D1E9D-8917-FCCC-5EAC-F87526EC19A4}.Debug|Any CPU.ActiveCfg = Debug|Any CPU
		{C63D1E9D-8917-FCCC-5EAC-F87526EC19A4}.Debug|Any CPU.Build.0 = Debug|Any CPU
		{C63D1E9D-8917-FCCC-5EAC-F87526EC19A4}.Release|Any CPU.ActiveCfg = Release|Any CPU
		{C63D1E9D-8917-FCCC-5EAC-F87526EC19A4}.Release|Any CPU.Build.0 = Release|Any CPU
		{E47C4865-EF42-766D-BDC9-497147EC0404}.Debug|Any CPU.ActiveCfg = Debug|Any CPU
		{E47C4865-EF42-766D-BDC9-497147EC0404}.Debug|Any CPU.Build.0 = Debug|Any CPU
		{E47C4865-EF42-766D-BDC9-497147EC0404}.Release|Any CPU.ActiveCfg = Release|Any CPU
		{E47C4865-EF42-766D-BDC9-497147EC0404}.Release|Any CPU.Build.0 = Release|Any CPU
		{57EE7C85-D37C-2C80-E478-2EDB28F99E50}.Debug|Any CPU.ActiveCfg = Debug|Any CPU
		{57EE7C85-D37C-2C80-E478-2EDB28F99E50}.Debug|Any CPU.Build.0 = Debug|Any CPU
		{57EE7C85-D37C-2C80-E478-2EDB28F99E50}.Release|Any CPU.ActiveCfg = Release|Any CPU
		{57EE7C85-D37C-2C80-E478-2EDB28F99E50}.Release|Any CPU.Build.0 = Release|Any CPU
		{00D5E175-8465-24C4-F5EE-4D17D3F38BBC}.Debug|Any CPU.ActiveCfg = Debug|Any CPU
		{00D5E175-8465-24C4-F5EE-4D17D3F38BBC}.Debug|Any CPU.Build.0 = Debug|Any CPU
		{00D5E175-8465-24C4-F5EE-4D17D3F38BBC}.Release|Any CPU.ActiveCfg = Release|Any CPU
		{00D5E175-8465-24C4-F5EE-4D17D3F38BBC}.Release|Any CPU.Build.0 = Release|Any CPU
		{CD5F1D83-FE0F-CF65-579C-B82A804ADE55}.Debug|Any CPU.ActiveCfg = Debug|Any CPU
		{CD5F1D83-FE0F-CF65-579C-B82A804ADE55}.Debug|Any CPU.Build.0 = Debug|Any CPU
		{CD5F1D83-FE0F-CF65-579C-B82A804ADE55}.Release|Any CPU.ActiveCfg = Release|Any CPU
		{CD5F1D83-FE0F-CF65-579C-B82A804ADE55}.Release|Any CPU.Build.0 = Release|Any CPU
		{36471ED8-288C-519E-1536-A6E0E50B4414}.Debug|Any CPU.ActiveCfg = Debug|Any CPU
		{36471ED8-288C-519E-1536-A6E0E50B4414}.Debug|Any CPU.Build.0 = Debug|Any CPU
		{36471ED8-288C-519E-1536-A6E0E50B4414}.Release|Any CPU.ActiveCfg = Release|Any CPU
		{36471ED8-288C-519E-1536-A6E0E50B4414}.Release|Any CPU.Build.0 = Release|Any CPU
		{38DBDE21-30D8-9438-1A1A-01C2407BD728}.Debug|Any CPU.ActiveCfg = Debug|Any CPU
		{38DBDE21-30D8-9438-1A1A-01C2407BD728}.Debug|Any CPU.Build.0 = Debug|Any CPU
		{38DBDE21-30D8-9438-1A1A-01C2407BD728}.Release|Any CPU.ActiveCfg = Release|Any CPU
		{38DBDE21-30D8-9438-1A1A-01C2407BD728}.Release|Any CPU.Build.0 = Release|Any CPU
		{BB66A34E-DC79-569D-76F4-0AC862B9F403}.Debug|Any CPU.ActiveCfg = Debug|Any CPU
		{BB66A34E-DC79-569D-76F4-0AC862B9F403}.Debug|Any CPU.Build.0 = Debug|Any CPU
		{BB66A34E-DC79-569D-76F4-0AC862B9F403}.Release|Any CPU.ActiveCfg = Release|Any CPU
		{BB66A34E-DC79-569D-76F4-0AC862B9F403}.Release|Any CPU.Build.0 = Release|Any CPU
		{B4472ED4-0794-AC83-3CE4-AA2E427BEECB}.Debug|Any CPU.ActiveCfg = Debug|Any CPU
		{B4472ED4-0794-AC83-3CE4-AA2E427BEECB}.Debug|Any CPU.Build.0 = Debug|Any CPU
		{B4472ED4-0794-AC83-3CE4-AA2E427BEECB}.Release|Any CPU.ActiveCfg = Release|Any CPU
		{B4472ED4-0794-AC83-3CE4-AA2E427BEECB}.Release|Any CPU.Build.0 = Release|Any CPU
		{A2203BAD-94A6-0843-3948-CA7CB0C27C60}.Debug|Any CPU.ActiveCfg = Debug|Any CPU
		{A2203BAD-94A6-0843-3948-CA7CB0C27C60}.Debug|Any CPU.Build.0 = Debug|Any CPU
		{A2203BAD-94A6-0843-3948-CA7CB0C27C60}.Release|Any CPU.ActiveCfg = Release|Any CPU
		{A2203BAD-94A6-0843-3948-CA7CB0C27C60}.Release|Any CPU.Build.0 = Release|Any CPU
		{B642AE2E-46C5-8CED-1E32-6EF3E256910C}.Debug|Any CPU.ActiveCfg = Debug|Any CPU
		{B642AE2E-46C5-8CED-1E32-6EF3E256910C}.Debug|Any CPU.Build.0 = Debug|Any CPU
		{B642AE2E-46C5-8CED-1E32-6EF3E256910C}.Release|Any CPU.ActiveCfg = Release|Any CPU
		{B642AE2E-46C5-8CED-1E32-6EF3E256910C}.Release|Any CPU.Build.0 = Release|Any CPU
		{79A0B088-BBBE-645C-0058-6D70F4CE8B1B}.Debug|Any CPU.ActiveCfg = Debug|Any CPU
		{79A0B088-BBBE-645C-0058-6D70F4CE8B1B}.Debug|Any CPU.Build.0 = Debug|Any CPU
		{79A0B088-BBBE-645C-0058-6D70F4CE8B1B}.Release|Any CPU.ActiveCfg = Release|Any CPU
		{79A0B088-BBBE-645C-0058-6D70F4CE8B1B}.Release|Any CPU.Build.0 = Release|Any CPU
		{3FF1FE0C-7022-8A7D-8DF3-AC9BD48D9A14}.Debug|Any CPU.ActiveCfg = Debug|Any CPU
		{3FF1FE0C-7022-8A7D-8DF3-AC9BD48D9A14}.Debug|Any CPU.Build.0 = Debug|Any CPU
		{3FF1FE0C-7022-8A7D-8DF3-AC9BD48D9A14}.Release|Any CPU.ActiveCfg = Release|Any CPU
		{3FF1FE0C-7022-8A7D-8DF3-AC9BD48D9A14}.Release|Any CPU.Build.0 = Release|Any CPU
		{EE545532-98F7-FF94-4296-52C67132E29F}.Debug|Any CPU.ActiveCfg = Debug|Any CPU
		{EE545532-98F7-FF94-4296-52C67132E29F}.Debug|Any CPU.Build.0 = Debug|Any CPU
		{EE545532-98F7-FF94-4296-52C67132E29F}.Release|Any CPU.ActiveCfg = Release|Any CPU
		{EE545532-98F7-FF94-4296-52C67132E29F}.Release|Any CPU.Build.0 = Release|Any CPU
		{8CDC77DC-B104-C262-6BC1-A45B6211191C}.Debug|Any CPU.ActiveCfg = Debug|Any CPU
		{8CDC77DC-B104-C262-6BC1-A45B6211191C}.Debug|Any CPU.Build.0 = Debug|Any CPU
		{8CDC77DC-B104-C262-6BC1-A45B6211191C}.Release|Any CPU.ActiveCfg = Release|Any CPU
		{8CDC77DC-B104-C262-6BC1-A45B6211191C}.Release|Any CPU.Build.0 = Release|Any CPU
		{9A992541-8D3B-CF89-AA3C-04041089AA4E}.Debug|Any CPU.ActiveCfg = Debug|Any CPU
		{9A992541-8D3B-CF89-AA3C-04041089AA4E}.Debug|Any CPU.Build.0 = Debug|Any CPU
		{9A992541-8D3B-CF89-AA3C-04041089AA4E}.Release|Any CPU.ActiveCfg = Release|Any CPU
		{9A992541-8D3B-CF89-AA3C-04041089AA4E}.Release|Any CPU.Build.0 = Release|Any CPU
		{BD2D2C80-6975-42D5-045A-2586394336C1}.Debug|Any CPU.ActiveCfg = Debug|Any CPU
		{BD2D2C80-6975-42D5-045A-2586394336C1}.Debug|Any CPU.Build.0 = Debug|Any CPU
		{BD2D2C80-6975-42D5-045A-2586394336C1}.Release|Any CPU.ActiveCfg = Release|Any CPU
		{BD2D2C80-6975-42D5-045A-2586394336C1}.Release|Any CPU.Build.0 = Release|Any CPU
		{C5B00A04-724B-C671-FDC7-F679B1474519}.Debug|Any CPU.ActiveCfg = Debug|Any CPU
		{C5B00A04-724B-C671-FDC7-F679B1474519}.Debug|Any CPU.Build.0 = Debug|Any CPU
		{C5B00A04-724B-C671-FDC7-F679B1474519}.Release|Any CPU.ActiveCfg = Release|Any CPU
		{C5B00A04-724B-C671-FDC7-F679B1474519}.Release|Any CPU.Build.0 = Release|Any CPU
		{B02A4B3F-BB32-E2E6-AA73-59AF7EDC5407}.Debug|Any CPU.ActiveCfg = Debug|Any CPU
		{B02A4B3F-BB32-E2E6-AA73-59AF7EDC5407}.Debug|Any CPU.Build.0 = Debug|Any CPU
		{B02A4B3F-BB32-E2E6-AA73-59AF7EDC5407}.Release|Any CPU.ActiveCfg = Release|Any CPU
		{B02A4B3F-BB32-E2E6-AA73-59AF7EDC5407}.Release|Any CPU.Build.0 = Release|Any CPU
		{8F8C37D7-D377-49F2-5C26-8DDBCEC8BF68}.Debug|Any CPU.ActiveCfg = Debug|Any CPU
		{8F8C37D7-D377-49F2-5C26-8DDBCEC8BF68}.Debug|Any CPU.Build.0 = Debug|Any CPU
		{8F8C37D7-D377-49F2-5C26-8DDBCEC8BF68}.Release|Any CPU.ActiveCfg = Release|Any CPU
		{8F8C37D7-D377-49F2-5C26-8DDBCEC8BF68}.Release|Any CPU.Build.0 = Release|Any CPU
		{F22B4C78-22D8-379E-AC92-67B42FB518BB}.Debug|Any CPU.ActiveCfg = Debug|Any CPU
		{F22B4C78-22D8-379E-AC92-67B42FB518BB}.Debug|Any CPU.Build.0 = Debug|Any CPU
		{F22B4C78-22D8-379E-AC92-67B42FB518BB}.Release|Any CPU.ActiveCfg = Release|Any CPU
		{F22B4C78-22D8-379E-AC92-67B42FB518BB}.Release|Any CPU.Build.0 = Release|Any CPU
		{234C0E3B-4D6A-82B6-4DE1-5A42B8C5D821}.Debug|Any CPU.ActiveCfg = Debug|Any CPU
		{234C0E3B-4D6A-82B6-4DE1-5A42B8C5D821}.Debug|Any CPU.Build.0 = Debug|Any CPU
		{234C0E3B-4D6A-82B6-4DE1-5A42B8C5D821}.Release|Any CPU.ActiveCfg = Release|Any CPU
		{234C0E3B-4D6A-82B6-4DE1-5A42B8C5D821}.Release|Any CPU.Build.0 = Release|Any CPU
		{8E1A1A7E-321B-8972-B129-3E1E4F36F2EC}.Debug|Any CPU.ActiveCfg = Debug|Any CPU
		{8E1A1A7E-321B-8972-B129-3E1E4F36F2EC}.Debug|Any CPU.Build.0 = Debug|Any CPU
		{8E1A1A7E-321B-8972-B129-3E1E4F36F2EC}.Release|Any CPU.ActiveCfg = Release|Any CPU
		{8E1A1A7E-321B-8972-B129-3E1E4F36F2EC}.Release|Any CPU.Build.0 = Release|Any CPU
		{1517BDE6-8301-AE1B-2035-D8B1B03A037E}.Debug|Any CPU.ActiveCfg = Debug|Any CPU
		{1517BDE6-8301-AE1B-2035-D8B1B03A037E}.Debug|Any CPU.Build.0 = Debug|Any CPU
		{1517BDE6-8301-AE1B-2035-D8B1B03A037E}.Release|Any CPU.ActiveCfg = Release|Any CPU
		{1517BDE6-8301-AE1B-2035-D8B1B03A037E}.Release|Any CPU.Build.0 = Release|Any CPU
		{EC24375E-B4E2-C068-837A-AD1DF1A64F5D}.Debug|Any CPU.ActiveCfg = Debug|Any CPU
		{EC24375E-B4E2-C068-837A-AD1DF1A64F5D}.Debug|Any CPU.Build.0 = Debug|Any CPU
		{EC24375E-B4E2-C068-837A-AD1DF1A64F5D}.Release|Any CPU.ActiveCfg = Release|Any CPU
		{EC24375E-B4E2-C068-837A-AD1DF1A64F5D}.Release|Any CPU.Build.0 = Release|Any CPU
		{E427D900-E3CA-F931-8623-7A595F5F6E22}.Debug|Any CPU.ActiveCfg = Debug|Any CPU
		{E427D900-E3CA-F931-8623-7A595F5F6E22}.Debug|Any CPU.Build.0 = Debug|Any CPU
		{E427D900-E3CA-F931-8623-7A595F5F6E22}.Release|Any CPU.ActiveCfg = Release|Any CPU
		{E427D900-E3CA-F931-8623-7A595F5F6E22}.Release|Any CPU.Build.0 = Release|Any CPU
	EndGlobalSection
	GlobalSection(SolutionProperties) = preSolution
		HideSolutionNode = FALSE
	EndGlobalSection
EndGlobal
